Microsoft Visual Studio Solution File, Format Version 12.00
# Visual Studio Version 17
VisualStudioVersion = 17.5.2.0
MinimumVisualStudioVersion = 10.0.40219.1
Project("{FAE04EC0-301F-11D3-BF4B-00C04F79EFBC}") = "TareaWeek10", "TareaWeek10\TareaWeek10.csproj", "{2275352A-29EC-9AE7-020A-8A7D5DF3644C}"
EndProject
Global
	GlobalSection(SolutionConfigurationPlatforms) = preSolution
		Debug|Any CPU = Debug|Any CPU
		Release|Any CPU = Release|Any CPU
	EndGlobalSection
	GlobalSection(ProjectConfigurationPlatforms) = postSolution
		{2275352A-29EC-9AE7-020A-8A7D5DF3644C}.Debug|Any CPU.ActiveCfg = Debug|Any CPU
		{2275352A-29EC-9AE7-020A-8A7D5DF3644C}.Debug|Any CPU.Build.0 = Debug|Any CPU
		{2275352A-29EC-9AE7-020A-8A7D5DF3644C}.Release|Any CPU.ActiveCfg = Release|Any CPU
		{2275352A-29EC-9AE7-020A-8A7D5DF3644C}.Release|Any CPU.Build.0 = Release|Any CPU
	EndGlobalSection
	GlobalSection(SolutionProperties) = preSolution
		HideSolutionNode = FALSE
	EndGlobalSection
	GlobalSection(ExtensibilityGlobals) = postSolution
		SolutionGuid = {FF9B3E52-DE5B-4C6D-BA62-AF4F47B5C2E5}
	EndGlobalSection
EndGlobal
